{
  "name": "airfec-reservations-aaron",
  "version": "1.0.0",
  "lockfileVersion": 1,
  "requires": true,
  "dependencies": {
    "eslint-config-hackreactor": {
      "version": "git://github.com/reactorcore/eslint-config-hackreactor.git#9111851f7214ed3e2817542b3777765bda3df98d",
      "from": "git://github.com/reactorcore/eslint-config-hackreactor.git",
      "dev": true
    }
  }
}
